
Microsoft Visual Studio Solution File, Format Version 12.00
# Visual Studio 14
VisualStudioVersion = 14.0.25123.0
MinimumVisualStudioVersion = 10.0.40219.1
Project("{FAE04EC0-301F-11D3-BF4B-00C04F79EFBC}") = "touha.infrastructure.db", "touha.infrastructure.db\touha.infrastructure.db.csproj", "{C9A21BEE-E7B3-4A48-8C15-D916B2AEBFA5}"
EndProject
Project("{FAE04EC0-301F-11D3-BF4B-00C04F79EFBC}") = "touha.infrasturcture.repository", "touha.infrasturcture.repository\touha.infrasturcture.repository.csproj", "{5D863249-83C5-45B9-90B0-2F147098F64B}"
EndProject
Project("{FAE04EC0-301F-11D3-BF4B-00C04F79EFBC}") = "touha.infrastructure.model", "touha.infrastructure.model\touha.infrastructure.model.csproj", "{B40A3CE8-8EC6-42E1-92B0-59682E3F93CE}"
EndProject
Project("{FAE04EC0-301F-11D3-BF4B-00C04F79EFBC}") = "touha.infrastructure.dbTests", "touha.infrastructure.dbTests\touha.infrastructure.dbTests.csproj", "{4675655D-0077-4101-BF7D-B9506A152C45}"
EndProject
Global
	GlobalSection(SolutionConfigurationPlatforms) = preSolution
		Debug|Any CPU = Debug|Any CPU
		Release|Any CPU = Release|Any CPU
	EndGlobalSection
	GlobalSection(ProjectConfigurationPlatforms) = postSolution
		{C9A21BEE-E7B3-4A48-8C15-D916B2AEBFA5}.Debug|Any CPU.ActiveCfg = Debug|Any CPU
		{C9A21BEE-E7B3-4A48-8C15-D916B2AEBFA5}.Debug|Any CPU.Build.0 = Debug|Any CPU
		{C9A21BEE-E7B3-4A48-8C15-D916B2AEBFA5}.Release|Any CPU.ActiveCfg = Release|Any CPU
		{C9A21BEE-E7B3-4A48-8C15-D916B2AEBFA5}.Release|Any CPU.Build.0 = Release|Any CPU
		{5D863249-83C5-45B9-90B0-2F147098F64B}.Debug|Any CPU.ActiveCfg = Debug|Any CPU
		{5D863249-83C5-45B9-90B0-2F147098F64B}.Debug|Any CPU.Build.0 = Debug|Any CPU
		{5D863249-83C5-45B9-90B0-2F147098F64B}.Release|Any CPU.ActiveCfg = Release|Any CPU
		{5D863249-83C5-45B9-90B0-2F147098F64B}.Release|Any CPU.Build.0 = Release|Any CPU
		{B40A3CE8-8EC6-42E1-92B0-59682E3F93CE}.Debug|Any CPU.ActiveCfg = Debug|Any CPU
		{B40A3CE8-8EC6-42E1-92B0-59682E3F93CE}.Debug|Any CPU.Build.0 = Debug|Any CPU
		{B40A3CE8-8EC6-42E1-92B0-59682E3F93CE}.Release|Any CPU.ActiveCfg = Release|Any CPU
		{B40A3CE8-8EC6-42E1-92B0-59682E3F93CE}.Release|Any CPU.Build.0 = Release|Any CPU
		{4675655D-0077-4101-BF7D-B9506A152C45}.Debug|Any CPU.ActiveCfg = Debug|Any CPU
		{4675655D-0077-4101-BF7D-B9506A152C45}.Debug|Any CPU.Build.0 = Debug|Any CPU
		{4675655D-0077-4101-BF7D-B9506A152C45}.Release|Any CPU.ActiveCfg = Release|Any CPU
		{4675655D-0077-4101-BF7D-B9506A152C45}.Release|Any CPU.Build.0 = Release|Any CPU
	EndGlobalSection
	GlobalSection(SolutionProperties) = preSolution
		HideSolutionNode = FALSE
	EndGlobalSection
EndGlobal
